
Microsoft Visual Studio Solution File, Format Version 12.00
# Visual Studio 15
VisualStudioVersion = 15.0.28010.2019
MinimumVisualStudioVersion = 10.0.40219.1
Project("{FAE04EC0-301F-11D3-BF4B-00C04F79EFBC}") = "WinQrCodeReader", "WinQrCodeReader.csproj", "{683805E3-C3C3-40FF-B623-B0B4C7CD007E}"
EndProject
Global
	GlobalSection(SolutionConfigurationPlatforms) = preSolution
		Debug|Any CPU = Debug|Any CPU
		Release|Any CPU = Release|Any CPU
	EndGlobalSection
	GlobalSection(ProjectConfigurationPlatforms) = postSolution
		{683805E3-C3C3-40FF-B623-B0B4C7CD007E}.Debug|Any CPU.ActiveCfg = Debug|Any CPU
		{683805E3-C3C3-40FF-B623-B0B4C7CD007E}.Debug|Any CPU.Build.0 = Debug|Any CPU
		{683805E3-C3C3-40FF-B623-B0B4C7CD007E}.Release|Any CPU.ActiveCfg = Release|Any CPU
		{683805E3-C3C3-40FF-B623-B0B4C7CD007E}.Release|Any CPU.Build.0 = Release|Any CPU
	EndGlobalSection
	GlobalSection(SolutionProperties) = preSolution
		HideSolutionNode = FALSE
	EndGlobalSection
	GlobalSection(ExtensibilityGlobals) = postSolution
		SolutionGuid = {D98810B2-A2FC-491A-80EF-D910C8A61494}
	EndGlobalSection
EndGlobal
